
Microsoft Visual Studio Solution File, Format Version 12.00
# Visual Studio 15
VisualStudioVersion = 15.0.28010.2046
MinimumVisualStudioVersion = 10.0.40219.1
Project("{9A19103F-16F7-4668-BE54-9A1E7A4F7556}") = "TheFlash", "TheFlash.csproj", "{CA890C3D-25AB-41AF-8AC0-8B3B112690C9}"
EndProject
Global
	GlobalSection(SolutionConfigurationPlatforms) = preSolution
		Debug|Any CPU = Debug|Any CPU
		Release|Any CPU = Release|Any CPU
	EndGlobalSection
	GlobalSection(ProjectConfigurationPlatforms) = postSolution
		{CA890C3D-25AB-41AF-8AC0-8B3B112690C9}.Debug|Any CPU.ActiveCfg = Debug|Any CPU
		{CA890C3D-25AB-41AF-8AC0-8B3B112690C9}.Debug|Any CPU.Build.0 = Debug|Any CPU
		{CA890C3D-25AB-41AF-8AC0-8B3B112690C9}.Release|Any CPU.ActiveCfg = Release|Any CPU
		{CA890C3D-25AB-41AF-8AC0-8B3B112690C9}.Release|Any CPU.Build.0 = Release|Any CPU
	EndGlobalSection
	GlobalSection(SolutionProperties) = preSolution
		HideSolutionNode = FALSE
	EndGlobalSection
	GlobalSection(ExtensibilityGlobals) = postSolution
		SolutionGuid = {224F77E4-0C4F-42D4-B9BC-FDCF1DDCA608}
	EndGlobalSection
EndGlobal
